{
  "name": "nexora-monorepo",
  "version": "1.0.0",
  "lockfileVersion": 3,
  "requires": true,
  "packages": {
    "": {
      "name": "nexora-monorepo",
      "version": "1.0.0",
      "workspaces": [
        "apps/*",
        "packages/*"
      ],
      "devDependencies": {
        "turbo": "^2"
      }
    },
    "node_modules/@pepbits/erp-config": {
      "resolved": "packages/erp-config",
      "link": true
    },
    "node_modules/@pepbits/erp-data": {
      "resolved": "packages/erp-data",
      "link": true
    },
    "node_modules/@pepbits/erp-screens": {
      "resolved": "packages/erp-screens",
      "link": true
    },
    "node_modules/@pepbits/erp-shell": {
      "resolved": "packages/erp-shell",
      "link": true
    },
    "node_modules/@pepbits/ops-ui": {
      "resolved": "packages/ops-ui",
      "link": true
    },
    "node_modules/@pepbits/platform-ports": {
      "resolved": "packages/platform-ports",
      "link": true
    },
    "node_modules/@pepbits/tokens": {
      "resolved": "packages/tokens",
      "link": true
    },
    "node_modules/@turbo/darwin-64": {
      "version": "2.10.12",
      "resolved": "https://registry.npmjs.org/@turbo/darwin-64/-/darwin-64-2.10.12.tgz",
      "integrity": "sha512-9nKgKoF6ZOUsM+or0OtNf+TTJSfGvDNP7ZFv/ZGWVwOSCkumyctQiTeHwB4UNljHTnC41AqylgbunLDHoccNrA==",
      "cpu": [
        "x64"
      ],
      "dev": true,
      "license": "MIT",
      "optional": true,
      "os": [
        "darwin"
      ]
    },
    "node_modules/@turbo/darwin-arm64": {
      "version": "2.10.12",
      "resolved": "https://registry.npmjs.org/@turbo/darwin-arm64/-/darwin-arm64-2.10.12.tgz",
      "integrity": "sha512-H4Elb1jqTZVeIC9bbcNwjSzemZ6RegoTOVHeuV5Osirt2Z8UguTyisMEkvZjPVZgMeN9J4ERZBFad40tFnkb7w==",
      "cpu": [
        "arm64"
      ],
      "dev": true,
      "license": "MIT",
      "optional": true,
      "os": [
        "darwin"
      ]
    },
    "node_modules/@turbo/linux-64": {
      "version": "2.10.12",
      "resolved": "https://registry.npmjs.org/@turbo/linux-64/-/linux-64-2.10.12.tgz",
      "integrity": "sha512-lr7KIotukvjZwEXiFSYAeOH3BWzjFVBbSzTbv0fuGFsNukYyH0+g1hB5ecqnJkgkYU+KHEMG1edOhnjiKON1wQ==",
      "cpu": [
        "x64"
      ],
      "dev": true,
      "license": "MIT",
      "optional": true,
      "os": [
        "android",
        "linux"
      ]
    },
    "node_modules/@turbo/linux-arm64": {
      "version": "2.10.12",
      "resolved": "https://registry.npmjs.org/@turbo/linux-arm64/-/linux-arm64-2.10.12.tgz",
      "integrity": "sha512-f0pZDTtvzB5SuNwuXBaKbZHUCMCukgc8nMlHEuvLmj91Fzec+MEbr3cAvGNor5htEDqZnO6Lxt9N/GPI/77oGA==",
      "cpu": [
        "arm64"
      ],
      "dev": true,
      "license": "MIT",
      "optional": true,
      "os": [
        "android",
        "linux"
      ]
    },
    "node_modules/@turbo/windows-64": {
      "version": "2.10.12",
      "resolved": "https://registry.npmjs.org/@turbo/windows-64/-/windows-64-2.10.12.tgz",
      "integrity": "sha512-SDOueJRjS/QcykWf2KCRtTLmIl5YMKsLbXkXQGhDwcTXvKXZiS5ih5lBl/gkwZIpYFjqA/rAlfMzlAFcVHNe0g==",
      "cpu": [
        "x64"
      ],
      "dev": true,
      "license": "MIT",
      "optional": true,
      "os": [
        "win32"
      ]
    },
    "node_modules/@turbo/windows-arm64": {
      "version": "2.10.12",
      "resolved": "https://registry.npmjs.org/@turbo/windows-arm64/-/windows-arm64-2.10.12.tgz",
      "integrity": "sha512-0i0mVUa4kKk+/B3RwEwPMf9CB+T7ul56hn5FFHNA4VUNTOoLBEd6aNf3FaKfCatDNZ6cicCEf6if9QUTVyzzcA==",
      "cpu": [
        "arm64"
      ],
      "dev": true,
      "license": "MIT",
      "optional": true,
      "os": [
        "win32"
      ]
    },
    "node_modules/react": {
      "version": "19.2.8",
      "resolved": "https://registry.npmjs.org/react/-/react-19.2.8.tgz",
      "integrity": "sha512-PWaYA1L/q9u2u7xYQi+Y3L3Yfnie7XyLeaJICV1MGD6LprsBxcAqGjYyr0eY3p+QdsA+x/Irkt4Qif8D63+Sbw==",
      "license": "MIT",
      "peer": true,
      "engines": {
        "node": ">=0.10.0"
      }
    },
    "node_modules/turbo": {
      "version": "2.10.12",
      "resolved": "https://registry.npmjs.org/turbo/-/turbo-2.10.12.tgz",
      "integrity": "sha512-AswgMPnpOoaVZHrrSBejETzEbuIA69OVGwfkHwfrY0A23VjWXBANzgq9+OymWOHAIArB7D1+1z498WY8fGg1Jw==",
      "dev": true,
      "license": "MIT",
      "bin": {
        "turbo": "bin/turbo"
      },
      "optionalDependencies": {
        "@turbo/darwin-64": "2.10.12",
        "@turbo/darwin-arm64": "2.10.12",
        "@turbo/linux-64": "2.10.12",
        "@turbo/linux-arm64": "2.10.12",
        "@turbo/windows-64": "2.10.12",
        "@turbo/windows-arm64": "2.10.12"
      }
    },
    "packages/erp-config": {
      "name": "@pepbits/erp-config",
      "version": "0.0.0",
      "peerDependencies": {
        "react": ">=19"
      }
    },
    "packages/erp-data": {
      "name": "@pepbits/erp-data",
      "version": "0.0.0",
      "dependencies": {
        "@pepbits/erp-config": "*"
      },
      "peerDependencies": {
        "react": ">=19"
      }
    },
    "packages/erp-screens": {
      "name": "@pepbits/erp-screens",
      "version": "0.0.0",
      "dependencies": {
        "@pepbits/erp-config": "*",
        "@pepbits/erp-data": "*",
        "@pepbits/erp-shell": "*",
        "@pepbits/ops-ui": "*",
        "@pepbits/platform-ports": "*"
      },
      "peerDependencies": {
        "react": ">=19"
      }
    },
    "packages/erp-shell": {
      "name": "@pepbits/erp-shell",
      "version": "0.0.0",
      "dependencies": {
        "@pepbits/erp-config": "*",
        "@pepbits/ops-ui": "*",
        "@pepbits/platform-ports": "*"
      },
      "peerDependencies": {
        "react": ">=19"
      }
    },
    "packages/ops-ui": {
      "name": "@pepbits/ops-ui",
      "version": "0.0.0",
      "peerDependencies": {
        "react": ">=19"
      }
    },
    "packages/platform-ports": {
      "name": "@pepbits/platform-ports",
      "version": "0.0.0",
      "peerDependencies": {
        "react": ">=19"
      }
    },
    "packages/tokens": {
      "name": "@pepbits/tokens",
      "version": "0.0.0"
    }
  }
}
